
Microsoft Visual Studio Solution File, Format Version 12.00
# Visual Studio Version 17
VisualStudioVersion = 17.8.34330.188
MinimumVisualStudioVersion = 10.0.40219.1
Project("{FAE04EC0-301F-11D3-BF4B-00C04F79EFBC}") = "BuilderExemplo", "BuilderExemplo\BuilderExemplo.csproj", "{C1793DC7-8579-4D96-8154-214D538FCBFB}"
EndProject
Global
	GlobalSection(SolutionConfigurationPlatforms) = preSolution
		Debug|Any CPU = Debug|Any CPU
		Release|Any CPU = Release|Any CPU
	EndGlobalSection
	GlobalSection(ProjectConfigurationPlatforms) = postSolution
		{C1793DC7-8579-4D96-8154-214D538FCBFB}.Debug|Any CPU.ActiveCfg = Debug|Any CPU
		{C1793DC7-8579-4D96-8154-214D538FCBFB}.Debug|Any CPU.Build.0 = Debug|Any CPU
		{C1793DC7-8579-4D96-8154-214D538FCBFB}.Release|Any CPU.ActiveCfg = Release|Any CPU
		{C1793DC7-8579-4D96-8154-214D538FCBFB}.Release|Any CPU.Build.0 = Release|Any CPU
	EndGlobalSection
	GlobalSection(SolutionProperties) = preSolution
		HideSolutionNode = FALSE
	EndGlobalSection
	GlobalSection(ExtensibilityGlobals) = postSolution
		SolutionGuid = {2B38ABC3-E91B-4B7E-B195-511AE6E652B3}
	EndGlobalSection
EndGlobal
