
Microsoft Visual Studio Solution File, Format Version 12.00
# Visual Studio Version 17
VisualStudioVersion = 17.4.33213.308
MinimumVisualStudioVersion = 10.0.40219.1
Project("{FAE04EC0-301F-11D3-BF4B-00C04F79EFBC}") = "Exemplo_Factory_Method", "Exemplo_Factory_Method.csproj", "{F93EF73C-9177-40C1-B158-EC4ED12FECD1}"
EndProject
Global
	GlobalSection(SolutionConfigurationPlatforms) = preSolution
		Debug|Any CPU = Debug|Any CPU
		Release|Any CPU = Release|Any CPU
	EndGlobalSection
	GlobalSection(ProjectConfigurationPlatforms) = postSolution
		{F93EF73C-9177-40C1-B158-EC4ED12FECD1}.Debug|Any CPU.ActiveCfg = Debug|Any CPU
		{F93EF73C-9177-40C1-B158-EC4ED12FECD1}.Debug|Any CPU.Build.0 = Debug|Any CPU
		{F93EF73C-9177-40C1-B158-EC4ED12FECD1}.Release|Any CPU.ActiveCfg = Release|Any CPU
		{F93EF73C-9177-40C1-B158-EC4ED12FECD1}.Release|Any CPU.Build.0 = Release|Any CPU
	EndGlobalSection
	GlobalSection(SolutionProperties) = preSolution
		HideSolutionNode = FALSE
	EndGlobalSection
	GlobalSection(ExtensibilityGlobals) = postSolution
		SolutionGuid = {55D10E4D-5CA0-449E-9578-C482934C5BBB}
	EndGlobalSection
EndGlobal
